// !$*UTF8*$!
{
	archiveVersion = 1;
	classes = {
	};
	objectVersion = 50;
	objects = {

/* Begin PBXBuildFile section */
		058557BB273AAA24004C7B11 /* Assets.xcassets in Resources */ = {isa = PBXBuildFile; fileRef = 058557BA273AAA24004C7B11 /* Assets.xcassets */; };
		058557D9273AAEEB004C7B11 /* Preview Assets.xcassets in Resources */ = {isa = PBXBuildFile; fileRef = 058557D8273AAEEB004C7B11 /* Preview Assets.xcassets */; };
		2152FB042600AC8F00CF470E /* iOSApp.swift in Sources */ = {isa = PBXBuildFile; fileRef = 2152FB032600AC8F00CF470E /* iOSApp.swift */; };
		4A4BBB2E5232D0796981F6B8 /* Pods_iosApp.framework in Frameworks */ = {isa = PBXBuildFile; fileRef = 273365BF7EF583ABA8252BEC /* Pods_iosApp.framework */; };
		7555FF83242A565900829871 /* HomeView.swift in Sources */ = {isa = PBXBuildFile; fileRef = 7555FF82242A565900829871 /* HomeView.swift */; };
		E9AB85DF2819A8640049385F /* MovieView.swift in Sources */ = {isa = PBXBuildFile; fileRef = E9AB85DE2819A8640049385F /* MovieView.swift */; };
		E9AB85E12819A8940049385F /* MovieViewModel.swift in Sources */ = {isa = PBXBuildFile; fileRef = E9AB85E02819A8940049385F /* MovieViewModel.swift */; };
		E9AB85E32819BBA70049385F /* MovieHeaderView.swift in Sources */ = {isa = PBXBuildFile; fileRef = E9AB85E22819BBA70049385F /* MovieHeaderView.swift */; };
		E9AB85E52819BBCB0049385F /* MovieDescriptionView.swift in Sources */ = {isa = PBXBuildFile; fileRef = E9AB85E42819BBCB0049385F /* MovieDescriptionView.swift */; };
		E9AB85E72819BBE30049385F /* MovieOverviewView.swift in Sources */ = {isa = PBXBuildFile; fileRef = E9AB85E62819BBE30049385F /* MovieOverviewView.swift */; };
		E9AB85E92819BD170049385F /* CreditView.swift in Sources */ = {isa = PBXBuildFile; fileRef = E9AB85E82819BD170049385F /* CreditView.swift */; };
		E9AB85EB2819BD390049385F /* CreditsView.swift in Sources */ = {isa = PBXBuildFile; fileRef = E9AB85EA2819BD390049385F /* CreditsView.swift */; };
		E9AB85ED2819BD730049385F /* CreditsListView.swift in Sources */ = {isa = PBXBuildFile; fileRef = E9AB85EC2819BD730049385F /* CreditsListView.swift */; };
		E9AB85EF281AE0580049385F /* PersonView.swift in Sources */ = {isa = PBXBuildFile; fileRef = E9AB85EE281AE0580049385F /* PersonView.swift */; };
		E9AB85F2281AE0920049385F /* PersonViewModel.swift in Sources */ = {isa = PBXBuildFile; fileRef = E9AB85F1281AE0920049385F /* PersonViewModel.swift */; };
		E9AB85F4281AE4EC0049385F /* PersonOverviewView.swift in Sources */ = {isa = PBXBuildFile; fileRef = E9AB85F3281AE4EC0049385F /* PersonOverviewView.swift */; };
		E9AB85F6281AE5080049385F /* PersonHeaderView.swift in Sources */ = {isa = PBXBuildFile; fileRef = E9AB85F5281AE5080049385F /* PersonHeaderView.swift */; };
		E9AB85F8281AE5250049385F /* PersonDescriptionView.swift in Sources */ = {isa = PBXBuildFile; fileRef = E9AB85F7281AE5250049385F /* PersonDescriptionView.swift */; };
		E9AB85FA281AEE320049385F /* Array.swift in Sources */ = {isa = PBXBuildFile; fileRef = E9AB85F9281AEE320049385F /* Array.swift */; };
		E9D59AA72812FC3300588C51 /* TrendingView.swift in Sources */ = {isa = PBXBuildFile; fileRef = E9D59AA62812FC3300588C51 /* TrendingView.swift */; };
		E9D59AA92812FC5000588C51 /* TrendingViewModel.swift in Sources */ = {isa = PBXBuildFile; fileRef = E9D59AA82812FC5000588C51 /* TrendingViewModel.swift */; };
		E9D59AAC2812FCFA00588C51 /* CarouselView.swift in Sources */ = {isa = PBXBuildFile; fileRef = E9D59AAB2812FCFA00588C51 /* CarouselView.swift */; };
		E9D59AAE2812FD1900588C51 /* ImageURL.swift in Sources */ = {isa = PBXBuildFile; fileRef = E9D59AAD2812FD1900588C51 /* ImageURL.swift */; };
		E9D59AB02812FD3500588C51 /* MoviePosterImage.swift in Sources */ = {isa = PBXBuildFile; fileRef = E9D59AAF2812FD3500588C51 /* MoviePosterImage.swift */; };
		E9D59AB32812FD5A00588C51 /* UIColor.swift in Sources */ = {isa = PBXBuildFile; fileRef = E9D59AB22812FD5A00588C51 /* UIColor.swift */; };
		E9D59AB62812FD8900588C51 /* ImageAsync.swift in Sources */ = {isa = PBXBuildFile; fileRef = E9D59AB52812FD8900588C51 /* ImageAsync.swift */; };
		E9D59AB82812FDA500588C51 /* ImageAsyncPhase.swift in Sources */ = {isa = PBXBuildFile; fileRef = E9D59AB72812FDA500588C51 /* ImageAsyncPhase.swift */; };
		E9D59ABB28131AD500588C51 /* Service.swift in Sources */ = {isa = PBXBuildFile; fileRef = E9D59ABA28131AD500588C51 /* Service.swift */; };
		E9D59ABE2813223600588C51 /* SectionView.swift in Sources */ = {isa = PBXBuildFile; fileRef = E9D59ABD2813223600588C51 /* SectionView.swift */; };
		E9D59AC02813225600588C51 /* SectionViewModel.swift in Sources */ = {isa = PBXBuildFile; fileRef = E9D59ABF2813225600588C51 /* SectionViewModel.swift */; };
		E9D59AC22813227B00588C51 /* SectionConfig.swift in Sources */ = {isa = PBXBuildFile; fileRef = E9D59AC12813227B00588C51 /* SectionConfig.swift */; };
/* End PBXBuildFile section */

/* Begin PBXFileReference section */
		058557BA273AAA24004C7B11 /* Assets.xcassets */ = {isa = PBXFileReference; lastKnownFileType = folder.assetcatalog; path = Assets.xcassets; sourceTree = "<group>"; };
		058557D8273AAEEB004C7B11 /* Preview Assets.xcassets */ = {isa = PBXFileReference; lastKnownFileType = folder.assetcatalog; path = "Preview Assets.xcassets"; sourceTree = "<group>"; };
		13C77F728B075819F6C863C8 /* Pods-iosApp.debug.xcconfig */ = {isa = PBXFileReference; includeInIndex = 1; lastKnownFileType = text.xcconfig; name = "Pods-iosApp.debug.xcconfig"; path = "Target Support Files/Pods-iosApp/Pods-iosApp.debug.xcconfig"; sourceTree = "<group>"; };
		2152FB032600AC8F00CF470E /* iOSApp.swift */ = {isa = PBXFileReference; lastKnownFileType = sourcecode.swift; path = iOSApp.swift; sourceTree = "<group>"; };
		273365BF7EF583ABA8252BEC /* Pods_iosApp.framework */ = {isa = PBXFileReference; explicitFileType = wrapper.framework; includeInIndex = 0; path = Pods_iosApp.framework; sourceTree = BUILT_PRODUCTS_DIR; };
		7555FF7B242A565900829871 /* iosApp.app */ = {isa = PBXFileReference; explicitFileType = wrapper.application; includeInIndex = 0; path = iosApp.app; sourceTree = BUILT_PRODUCTS_DIR; };
		7555FF82242A565900829871 /* HomeView.swift */ = {isa = PBXFileReference; lastKnownFileType = sourcecode.swift; path = HomeView.swift; sourceTree = "<group>"; };
		7555FF8C242A565B00829871 /* Info.plist */ = {isa = PBXFileReference; lastKnownFileType = text.plist.xml; path = Info.plist; sourceTree = "<group>"; };
		D3406EA30BE32EB6950E84BC /* Pods-iosApp.release.xcconfig */ = {isa = PBXFileReference; includeInIndex = 1; lastKnownFileType = text.xcconfig; name = "Pods-iosApp.release.xcconfig"; path = "Target Support Files/Pods-iosApp/Pods-iosApp.release.xcconfig"; sourceTree = "<group>"; };
		E9AB85DE2819A8640049385F /* MovieView.swift */ = {isa = PBXFileReference; lastKnownFileType = sourcecode.swift; path = MovieView.swift; sourceTree = "<group>"; };
		E9AB85E02819A8940049385F /* MovieViewModel.swift */ = {isa = PBXFileReference; lastKnownFileType = sourcecode.swift; path = MovieViewModel.swift; sourceTree = "<group>"; };
		E9AB85E22819BBA70049385F /* MovieHeaderView.swift */ = {isa = PBXFileReference; lastKnownFileType = sourcecode.swift; path = MovieHeaderView.swift; sourceTree = "<group>"; };
		E9AB85E42819BBCB0049385F /* MovieDescriptionView.swift */ = {isa = PBXFileReference; lastKnownFileType = sourcecode.swift; path = MovieDescriptionView.swift; sourceTree = "<group>"; };
		E9AB85E62819BBE30049385F /* MovieOverviewView.swift */ = {isa = PBXFileReference; lastKnownFileType = sourcecode.swift; path = MovieOverviewView.swift; sourceTree = "<group>"; };
		E9AB85E82819BD170049385F /* CreditView.swift */ = {isa = PBXFileReference; lastKnownFileType = sourcecode.swift; path = CreditView.swift; sourceTree = "<group>"; };
		E9AB85EA2819BD390049385F /* CreditsView.swift */ = {isa = PBXFileReference; lastKnownFileType = sourcecode.swift; path = CreditsView.swift; sourceTree = "<group>"; };
		E9AB85EC2819BD730049385F /* CreditsListView.swift */ = {isa = PBXFileReference; lastKnownFileType = sourcecode.swift; path = CreditsListView.swift; sourceTree = "<group>"; };
		E9AB85EE281AE0580049385F /* PersonView.swift */ = {isa = PBXFileReference; lastKnownFileType = sourcecode.swift; path = PersonView.swift; sourceTree = "<group>"; };
		E9AB85F1281AE0920049385F /* PersonViewModel.swift */ = {isa = PBXFileReference; lastKnownFileType = sourcecode.swift; path = PersonViewModel.swift; sourceTree = "<group>"; };
		E9AB85F3281AE4EC0049385F /* PersonOverviewView.swift */ = {isa = PBXFileReference; lastKnownFileType = sourcecode.swift; path = PersonOverviewView.swift; sourceTree = "<group>"; };
		E9AB85F5281AE5080049385F /* PersonHeaderView.swift */ = {isa = PBXFileReference; lastKnownFileType = sourcecode.swift; path = PersonHeaderView.swift; sourceTree = "<group>"; };
		E9AB85F7281AE5250049385F /* PersonDescriptionView.swift */ = {isa = PBXFileReference; lastKnownFileType = sourcecode.swift; path = PersonDescriptionView.swift; sourceTree = "<group>"; };
		E9AB85F9281AEE320049385F /* Array.swift */ = {isa = PBXFileReference; lastKnownFileType = sourcecode.swift; path = Array.swift; sourceTree = "<group>"; };
		E9D59AA62812FC3300588C51 /* TrendingView.swift */ = {isa = PBXFileReference; lastKnownFileType = sourcecode.swift; path = TrendingView.swift; sourceTree = "<group>"; };
		E9D59AA82812FC5000588C51 /* TrendingViewModel.swift */ = {isa = PBXFileReference; lastKnownFileType = sourcecode.swift; path = TrendingViewModel.swift; sourceTree = "<group>"; };
		E9D59AAB2812FCFA00588C51 /* CarouselView.swift */ = {isa = PBXFileReference; lastKnownFileType = sourcecode.swift; path = CarouselView.swift; sourceTree = "<group>"; };
		E9D59AAD2812FD1900588C51 /* ImageURL.swift */ = {isa = PBXFileReference; lastKnownFileType = sourcecode.swift; path = ImageURL.swift; sourceTree = "<group>"; };
		E9D59AAF2812FD3500588C51 /* MoviePosterImage.swift */ = {isa = PBXFileReference; lastKnownFileType = sourcecode.swift; path = MoviePosterImage.swift; sourceTree = "<group>"; };
		E9D59AB22812FD5A00588C51 /* UIColor.swift */ = {isa = PBXFileReference; lastKnownFileType = sourcecode.swift; path = UIColor.swift; sourceTree = "<group>"; };
		E9D59AB52812FD8900588C51 /* ImageAsync.swift */ = {isa = PBXFileReference; lastKnownFileType = sourcecode.swift; path = ImageAsync.swift; sourceTree = "<group>"; };
		E9D59AB72812FDA500588C51 /* ImageAsyncPhase.swift */ = {isa = PBXFileReference; lastKnownFileType = sourcecode.swift; path = ImageAsyncPhase.swift; sourceTree = "<group>"; };
		E9D59ABA28131AD500588C51 /* Service.swift */ = {isa = PBXFileReference; lastKnownFileType = sourcecode.swift; path = Service.swift; sourceTree = "<group>"; };
		E9D59ABD2813223600588C51 /* SectionView.swift */ = {isa = PBXFileReference; lastKnownFileType = sourcecode.swift; path = SectionView.swift; sourceTree = "<group>"; };
		E9D59ABF2813225600588C51 /* SectionViewModel.swift */ = {isa = PBXFileReference; lastKnownFileType = sourcecode.swift; path = SectionViewModel.swift; sourceTree = "<group>"; };
		E9D59AC12813227B00588C51 /* SectionConfig.swift */ = {isa = PBXFileReference; lastKnownFileType = sourcecode.swift; path = SectionConfig.swift; sourceTree = "<group>"; };
/* End PBXFileReference section */

/* Begin PBXFrameworksBuildPhase section */
		F91BF83971BD141B87EAF112 /* Frameworks */ = {
			isa = PBXFrameworksBuildPhase;
			buildActionMask = 2147483647;
			files = (
				4A4BBB2E5232D0796981F6B8 /* Pods_iosApp.framework in Frameworks */,
			);
			runOnlyForDeploymentPostprocessing = 0;
		};
/* End PBXFrameworksBuildPhase section */

/* Begin PBXGroup section */
		058557D7273AAEEB004C7B11 /* Preview Content */ = {
			isa = PBXGroup;
			children = (
				058557D8273AAEEB004C7B11 /* Preview Assets.xcassets */,
			);
			path = "Preview Content";
			sourceTree = "<group>";
		};
		7555FF72242A565900829871 = {
			isa = PBXGroup;
			children = (
				7555FF7D242A565900829871 /* iosApp */,
				7555FF7C242A565900829871 /* Products */,
				A7B9D662FFF43C46E07B3B19 /* Pods */,
				C1BB012C3CB120D74E0D7396 /* Frameworks */,
			);
			sourceTree = "<group>";
		};
		7555FF7C242A565900829871 /* Products */ = {
			isa = PBXGroup;
			children = (
				7555FF7B242A565900829871 /* iosApp.app */,
			);
			name = Products;
			sourceTree = "<group>";
		};
		7555FF7D242A565900829871 /* iosApp */ = {
			isa = PBXGroup;
			children = (
				E9D59AB928131AC500588C51 /* Logic */,
				E9D59AB12812FD4800588C51 /* Extension */,
				E9D59AA42812FC0A00588C51 /* UI */,
				058557BA273AAA24004C7B11 /* Assets.xcassets */,
				7555FF8C242A565B00829871 /* Info.plist */,
				2152FB032600AC8F00CF470E /* iOSApp.swift */,
				058557D7273AAEEB004C7B11 /* Preview Content */,
			);
			path = iosApp;
			sourceTree = "<group>";
		};
		A7B9D662FFF43C46E07B3B19 /* Pods */ = {
			isa = PBXGroup;
			children = (
				13C77F728B075819F6C863C8 /* Pods-iosApp.debug.xcconfig */,
				D3406EA30BE32EB6950E84BC /* Pods-iosApp.release.xcconfig */,
			);
			path = Pods;
			sourceTree = "<group>";
		};
		C1BB012C3CB120D74E0D7396 /* Frameworks */ = {
			isa = PBXGroup;
			children = (
				273365BF7EF583ABA8252BEC /* Pods_iosApp.framework */,
			);
			name = Frameworks;
			sourceTree = "<group>";
		};
		E9AB85DC2819A8190049385F /* Home */ = {
			isa = PBXGroup;
			children = (
				7555FF82242A565900829871 /* HomeView.swift */,
				E9D59AA52812FC1900588C51 /* Trending */,
				E9D59ABC2813221C00588C51 /* Section */,
			);
			path = Home;
			sourceTree = "<group>";
		};
		E9AB85DD2819A8410049385F /* Movie */ = {
			isa = PBXGroup;
			children = (
				E9AB85DE2819A8640049385F /* MovieView.swift */,
				E9AB85E02819A8940049385F /* MovieViewModel.swift */,
				E9AB85E22819BBA70049385F /* MovieHeaderView.swift */,
				E9AB85E42819BBCB0049385F /* MovieDescriptionView.swift */,
				E9AB85E62819BBE30049385F /* MovieOverviewView.swift */,
			);
			path = Movie;
			sourceTree = "<group>";
		};
		E9AB85F0281AE05F0049385F /* Person */ = {
			isa = PBXGroup;
			children = (
				E9AB85EE281AE0580049385F /* PersonView.swift */,
				E9AB85F1281AE0920049385F /* PersonViewModel.swift */,
				E9AB85F3281AE4EC0049385F /* PersonOverviewView.swift */,
				E9AB85F5281AE5080049385F /* PersonHeaderView.swift */,
				E9AB85F7281AE5250049385F /* PersonDescriptionView.swift */,
			);
			path = Person;
			sourceTree = "<group>";
		};
		E9D59AA42812FC0A00588C51 /* UI */ = {
			isa = PBXGroup;
			children = (
				E9AB85F0281AE05F0049385F /* Person */,
				E9AB85DD2819A8410049385F /* Movie */,
				E9D59AAA2812FCA900588C51 /* Component */,
				E9AB85DC2819A8190049385F /* Home */,
			);
			path = UI;
			sourceTree = "<group>";
		};
		E9D59AA52812FC1900588C51 /* Trending */ = {
			isa = PBXGroup;
			children = (
				E9D59AA62812FC3300588C51 /* TrendingView.swift */,
				E9D59AA82812FC5000588C51 /* TrendingViewModel.swift */,
			);
			path = Trending;
			sourceTree = "<group>";
		};
		E9D59AAA2812FCA900588C51 /* Component */ = {
			isa = PBXGroup;
			children = (
				E9AB85E82819BD170049385F /* CreditView.swift */,
				E9AB85EA2819BD390049385F /* CreditsView.swift */,
				E9AB85EC2819BD730049385F /* CreditsListView.swift */,
				E9D59AB42812FD7800588C51 /* AsyncImage */,
				E9D59AAB2812FCFA00588C51 /* CarouselView.swift */,
				E9D59AAD2812FD1900588C51 /* ImageURL.swift */,
				E9D59AAF2812FD3500588C51 /* MoviePosterImage.swift */,
			);
			path = Component;
			sourceTree = "<group>";
		};
		E9D59AB12812FD4800588C51 /* Extension */ = {
			isa = PBXGroup;
			children = (
				E9D59AB22812FD5A00588C51 /* UIColor.swift */,
				E9AB85F9281AEE320049385F /* Array.swift */,
			);
			path = Extension;
			sourceTree = "<group>";
		};
		E9D59AB42812FD7800588C51 /* AsyncImage */ = {
			isa = PBXGroup;
			children = (
				E9D59AB52812FD8900588C51 /* ImageAsync.swift */,
				E9D59AB72812FDA500588C51 /* ImageAsyncPhase.swift */,
			);
			path = AsyncImage;
			sourceTree = "<group>";
		};
		E9D59AB928131AC500588C51 /* Logic */ = {
			isa = PBXGroup;
			children = (
				E9D59ABA28131AD500588C51 /* Service.swift */,
			);
			path = Logic;
			sourceTree = "<group>";
		};
		E9D59ABC2813221C00588C51 /* Section */ = {
			isa = PBXGroup;
			children = (
				E9D59ABD2813223600588C51 /* SectionView.swift */,
				E9D59ABF2813225600588C51 /* SectionViewModel.swift */,
				E9D59AC12813227B00588C51 /* SectionConfig.swift */,
			);
			path = Section;
			sourceTree = "<group>";
		};
/* End PBXGroup section */

/* Begin PBXNativeTarget section */
		7555FF7A242A565900829871 /* iosApp */ = {
			isa = PBXNativeTarget;
			buildConfigurationList = 7555FFA5242A565B00829871 /* Build configuration list for PBXNativeTarget "iosApp" */;
			buildPhases = (
				493ABFA3E146BFB70A0CE784 /* [CP] Check Pods Manifest.lock */,
				7555FF77242A565900829871 /* Sources */,
				7555FF79242A565900829871 /* Resources */,
				F91BF83971BD141B87EAF112 /* Frameworks */,
			);
			buildRules = (
			);
			dependencies = (
			);
			name = iosApp;
			productName = iosApp;
			productReference = 7555FF7B242A565900829871 /* iosApp.app */;
			productType = "com.apple.product-type.application";
		};
/* End PBXNativeTarget section */

/* Begin PBXProject section */
		7555FF73242A565900829871 /* Project object */ = {
			isa = PBXProject;
			attributes = {
				LastSwiftUpdateCheck = 1130;
				LastUpgradeCheck = 1130;
				ORGANIZATIONNAME = orgName;
				TargetAttributes = {
					7555FF7A242A565900829871 = {
						CreatedOnToolsVersion = 11.3.1;
					};
				};
			};
			buildConfigurationList = 7555FF76242A565900829871 /* Build configuration list for PBXProject "iosApp" */;
			compatibilityVersion = "Xcode 9.3";
			developmentRegion = en;
			hasScannedForEncodings = 0;
			knownRegions = (
				en,
				Base,
			);
			mainGroup = 7555FF72242A565900829871;
			productRefGroup = 7555FF7C242A565900829871 /* Products */;
			projectDirPath = "";
			projectRoot = "";
			targets = (
				7555FF7A242A565900829871 /* iosApp */,
			);
		};
/* End PBXProject section */

/* Begin PBXResourcesBuildPhase section */
		7555FF79242A565900829871 /* Resources */ = {
			isa = PBXResourcesBuildPhase;
			buildActionMask = 2147483647;
			files = (
				058557D9273AAEEB004C7B11 /* Preview Assets.xcassets in Resources */,
				058557BB273AAA24004C7B11 /* Assets.xcassets in Resources */,
			);
			runOnlyForDeploymentPostprocessing = 0;
		};
/* End PBXResourcesBuildPhase section */

/* Begin PBXShellScriptBuildPhase section */
		493ABFA3E146BFB70A0CE784 /* [CP] Check Pods Manifest.lock */ = {
			isa = PBXShellScriptBuildPhase;
			buildActionMask = 2147483647;
			files = (
			);
			inputFileListPaths = (
			);
			inputPaths = (
				"${PODS_PODFILE_DIR_PATH}/Podfile.lock",
				"${PODS_ROOT}/Manifest.lock",
			);
			name = "[CP] Check Pods Manifest.lock";
			outputFileListPaths = (
			);
			outputPaths = (
				"$(DERIVED_FILE_DIR)/Pods-iosApp-checkManifestLockResult.txt",
			);
			runOnlyForDeploymentPostprocessing = 0;
			shellPath = /bin/sh;
			shellScript = "diff \"${PODS_PODFILE_DIR_PATH}/Podfile.lock\" \"${PODS_ROOT}/Manifest.lock\" > /dev/null\nif [ $? != 0 ] ; then\n    # print error to STDERR\n    echo \"error: The sandbox is not in sync with the Podfile.lock. Run 'pod install' or update your CocoaPods installation.\" >&2\n    exit 1\nfi\n# This output is used by Xcode 'outputs' to avoid re-running this script phase.\necho \"SUCCESS\" > \"${SCRIPT_OUTPUT_FILE_0}\"\n";
			showEnvVarsInLog = 0;
		};
/* End PBXShellScriptBuildPhase section */

/* Begin PBXSourcesBuildPhase section */
		7555FF77242A565900829871 /* Sources */ = {
			isa = PBXSourcesBuildPhase;
			buildActionMask = 2147483647;
			files = (
				E9D59AB02812FD3500588C51 /* MoviePosterImage.swift in Sources */,
				E9AB85E72819BBE30049385F /* MovieOverviewView.swift in Sources */,
				E9D59AAC2812FCFA00588C51 /* CarouselView.swift in Sources */,
				E9AB85F2281AE0920049385F /* PersonViewModel.swift in Sources */,
				E9AB85E52819BBCB0049385F /* MovieDescriptionView.swift in Sources */,
				E9AB85F4281AE4EC0049385F /* PersonOverviewView.swift in Sources */,
				E9D59AC02813225600588C51 /* SectionViewModel.swift in Sources */,
				E9D59AC22813227B00588C51 /* SectionConfig.swift in Sources */,
				E9D59AB62812FD8900588C51 /* ImageAsync.swift in Sources */,
				E9AB85FA281AEE320049385F /* Array.swift in Sources */,
				E9D59AA72812FC3300588C51 /* TrendingView.swift in Sources */,
				E9AB85F8281AE5250049385F /* PersonDescriptionView.swift in Sources */,
				E9D59AA92812FC5000588C51 /* TrendingViewModel.swift in Sources */,
				E9AB85EF281AE0580049385F /* PersonView.swift in Sources */,
				E9AB85E92819BD170049385F /* CreditView.swift in Sources */,
				E9D59AAE2812FD1900588C51 /* ImageURL.swift in Sources */,
				E9D59AB82812FDA500588C51 /* ImageAsyncPhase.swift in Sources */,
				E9D59AB32812FD5A00588C51 /* UIColor.swift in Sources */,
				E9AB85DF2819A8640049385F /* MovieView.swift in Sources */,
				E9AB85E32819BBA70049385F /* MovieHeaderView.swift in Sources */,
				E9AB85F6281AE5080049385F /* PersonHeaderView.swift in Sources */,
				E9AB85EB2819BD390049385F /* CreditsView.swift in Sources */,
				E9AB85E12819A8940049385F /* MovieViewModel.swift in Sources */,
				E9AB85ED2819BD730049385F /* CreditsListView.swift in Sources */,
				E9D59ABE2813223600588C51 /* SectionView.swift in Sources */,
				E9D59ABB28131AD500588C51 /* Service.swift in Sources */,
				2152FB042600AC8F00CF470E /* iOSApp.swift in Sources */,
				7555FF83242A565900829871 /* HomeView.swift in Sources */,
			);
			runOnlyForDeploymentPostprocessing = 0;
		};
/* End PBXSourcesBuildPhase section */

/* Begin XCBuildConfiguration section */
		7555FFA3242A565B00829871 /* Debug */ = {
			isa = XCBuildConfiguration;
			buildSettings = {
				ALWAYS_SEARCH_USER_PATHS = NO;
				CLANG_ANALYZER_NONNULL = YES;
				CLANG_ANALYZER_NUMBER_OBJECT_CONVERSION = YES_AGGRESSIVE;
				CLANG_CXX_LANGUAGE_STANDARD = "gnu++14";
				CLANG_CXX_LIBRARY = "libc++";
				CLANG_ENABLE_MODULES = YES;
				CLANG_ENABLE_OBJC_ARC = YES;
				CLANG_ENABLE_OBJC_WEAK = YES;
				CLANG_WARN_BLOCK_CAPTURE_AUTORELEASING = YES;
				CLANG_WARN_BOOL_CONVERSION = YES;
				CLANG_WARN_COMMA = YES;
				CLANG_WARN_CONSTANT_CONVERSION = YES;
				CLANG_WARN_DEPRECATED_OBJC_IMPLEMENTATIONS = YES;
				CLANG_WARN_DIRECT_OBJC_ISA_USAGE = YES_ERROR;
				CLANG_WARN_DOCUMENTATION_COMMENTS = YES;
				CLANG_WARN_EMPTY_BODY = YES;
				CLANG_WARN_ENUM_CONVERSION = YES;
				CLANG_WARN_INFINITE_RECURSION = YES;
				CLANG_WARN_INT_CONVERSION = YES;
				CLANG_WARN_NON_LITERAL_NULL_CONVERSION = YES;
				CLANG_WARN_OBJC_IMPLICIT_RETAIN_SELF = YES;
				CLANG_WARN_OBJC_LITERAL_CONVERSION = YES;
				CLANG_WARN_OBJC_ROOT_CLASS = YES_ERROR;
				CLANG_WARN_QUOTED_INCLUDE_IN_FRAMEWORK_HEADER = YES;
				CLANG_WARN_RANGE_LOOP_ANALYSIS = YES;
				CLANG_WARN_STRICT_PROTOTYPES = YES;
				CLANG_WARN_SUSPICIOUS_MOVE = YES;
				CLANG_WARN_UNGUARDED_AVAILABILITY = YES_AGGRESSIVE;
				CLANG_WARN_UNREACHABLE_CODE = YES;
				CLANG_WARN__DUPLICATE_METHOD_MATCH = YES;
				COPY_PHASE_STRIP = NO;
				DEBUG_INFORMATION_FORMAT = "dwarf-with-dsym";
				ENABLE_STRICT_OBJC_MSGSEND = YES;
				ENABLE_TESTABILITY = YES;
				GCC_C_LANGUAGE_STANDARD = gnu11;
				GCC_DYNAMIC_NO_PIC = NO;
				GCC_NO_COMMON_BLOCKS = YES;
				GCC_OPTIMIZATION_LEVEL = 0;
				GCC_PREPROCESSOR_DEFINITIONS = (
					"DEBUG=1",
					"$(inherited)",
				);
				GCC_WARN_64_TO_32_BIT_CONVERSION = YES;
				GCC_WARN_ABOUT_RETURN_TYPE = YES_ERROR;
				GCC_WARN_UNDECLARED_SELECTOR = YES;
				GCC_WARN_UNINITIALIZED_AUTOS = YES_AGGRESSIVE;
				GCC_WARN_UNUSED_FUNCTION = YES;
				GCC_WARN_UNUSED_VARIABLE = YES;
				IPHONEOS_DEPLOYMENT_TARGET = 15.0;
				MTL_ENABLE_DEBUG_INFO = INCLUDE_SOURCE;
				MTL_FAST_MATH = YES;
				ONLY_ACTIVE_ARCH = YES;
				SDKROOT = iphoneos;
				SWIFT_ACTIVE_COMPILATION_CONDITIONS = DEBUG;
				SWIFT_OPTIMIZATION_LEVEL = "-Onone";
			};
			name = Debug;
		};
		7555FFA4242A565B00829871 /* Release */ = {
			isa = XCBuildConfiguration;
			buildSettings = {
				ALWAYS_SEARCH_USER_PATHS = NO;
				CLANG_ANALYZER_NONNULL = YES;
				CLANG_ANALYZER_NUMBER_OBJECT_CONVERSION = YES_AGGRESSIVE;
				CLANG_CXX_LANGUAGE_STANDARD = "gnu++14";
				CLANG_CXX_LIBRARY = "libc++";
				CLANG_ENABLE_MODULES = YES;
				CLANG_ENABLE_OBJC_ARC = YES;
				CLANG_ENABLE_OBJC_WEAK = YES;
				CLANG_WARN_BLOCK_CAPTURE_AUTORELEASING = YES;
				CLANG_WARN_BOOL_CONVERSION = YES;
				CLANG_WARN_COMMA = YES;
				CLANG_WARN_CONSTANT_CONVERSION = YES;
				CLANG_WARN_DEPRECATED_OBJC_IMPLEMENTATIONS = YES;
				CLANG_WARN_DIRECT_OBJC_ISA_USAGE = YES_ERROR;
				CLANG_WARN_DOCUMENTATION_COMMENTS = YES;
				CLANG_WARN_EMPTY_BODY = YES;
				CLANG_WARN_ENUM_CONVERSION = YES;
				CLANG_WARN_INFINITE_RECURSION = YES;
				CLANG_WARN_INT_CONVERSION = YES;
				CLANG_WARN_NON_LITERAL_NULL_CONVERSION = YES;
				CLANG_WARN_OBJC_IMPLICIT_RETAIN_SELF = YES;
				CLANG_WARN_OBJC_LITERAL_CONVERSION = YES;
				CLANG_WARN_OBJC_ROOT_CLASS = YES_ERROR;
				CLANG_WARN_QUOTED_INCLUDE_IN_FRAMEWORK_HEADER = YES;
				CLANG_WARN_RANGE_LOOP_ANALYSIS = YES;
				CLANG_WARN_STRICT_PROTOTYPES = YES;
				CLANG_WARN_SUSPICIOUS_MOVE = YES;
				CLANG_WARN_UNGUARDED_AVAILABILITY = YES_AGGRESSIVE;
				CLANG_WARN_UNREACHABLE_CODE = YES;
				CLANG_WARN__DUPLICATE_METHOD_MATCH = YES;
				COPY_PHASE_STRIP = NO;
				DEBUG_INFORMATION_FORMAT = "dwarf-with-dsym";
				ENABLE_NS_ASSERTIONS = NO;
				ENABLE_STRICT_OBJC_MSGSEND = YES;
				GCC_C_LANGUAGE_STANDARD = gnu11;
				GCC_NO_COMMON_BLOCKS = YES;
				GCC_WARN_64_TO_32_BIT_CONVERSION = YES;
				GCC_WARN_ABOUT_RETURN_TYPE = YES_ERROR;
				GCC_WARN_UNDECLARED_SELECTOR = YES;
				GCC_WARN_UNINITIALIZED_AUTOS = YES_AGGRESSIVE;
				GCC_WARN_UNUSED_FUNCTION = YES;
				GCC_WARN_UNUSED_VARIABLE = YES;
				IPHONEOS_DEPLOYMENT_TARGET = 15.0;
				MTL_ENABLE_DEBUG_INFO = NO;
				MTL_FAST_MATH = YES;
				SDKROOT = iphoneos;
				SWIFT_COMPILATION_MODE = wholemodule;
				SWIFT_OPTIMIZATION_LEVEL = "-O";
				VALIDATE_PRODUCT = YES;
			};
			name = Release;
		};
		7555FFA6242A565B00829871 /* Debug */ = {
			isa = XCBuildConfiguration;
			baseConfigurationReference = 13C77F728B075819F6C863C8 /* Pods-iosApp.debug.xcconfig */;
			buildSettings = {
				ASSETCATALOG_COMPILER_APPICON_NAME = AppIcon;
				CODE_SIGN_STYLE = Automatic;
				DEVELOPMENT_ASSET_PATHS = "\"iosApp/Preview Content\"";
				DEVELOPMENT_TEAM = 9BTUBC86U7;
				ENABLE_PREVIEWS = YES;
				EXCLUDED_ARCHS = "";
				INFOPLIST_FILE = iosApp/Info.plist;
				IPHONEOS_DEPLOYMENT_TARGET = 14.7;
				LD_RUNPATH_SEARCH_PATHS = (
					"$(inherited)",
					"@executable_path/Frameworks",
				);
				PRODUCT_BUNDLE_IDENTIFIER = fr.insideapp.TurnipKMM;
				PRODUCT_NAME = "$(TARGET_NAME)";
				SWIFT_VERSION = 5.0;
				TARGETED_DEVICE_FAMILY = "1,2";
			};
			name = Debug;
		};
		7555FFA7242A565B00829871 /* Release */ = {
			isa = XCBuildConfiguration;
			baseConfigurationReference = D3406EA30BE32EB6950E84BC /* Pods-iosApp.release.xcconfig */;
			buildSettings = {
				ASSETCATALOG_COMPILER_APPICON_NAME = AppIcon;
				CODE_SIGN_STYLE = Automatic;
				DEVELOPMENT_ASSET_PATHS = "\"iosApp/Preview Content\"";
				DEVELOPMENT_TEAM = 9BTUBC86U7;
				ENABLE_PREVIEWS = YES;
				EXCLUDED_ARCHS = "";
				INFOPLIST_FILE = iosApp/Info.plist;
				IPHONEOS_DEPLOYMENT_TARGET = 14.7;
				LD_RUNPATH_SEARCH_PATHS = (
					"$(inherited)",
					"@executable_path/Frameworks",
				);
				PRODUCT_BUNDLE_IDENTIFIER = fr.insideapp.TurnipKMM;
				PRODUCT_NAME = "$(TARGET_NAME)";
				SWIFT_VERSION = 5.0;
				TARGETED_DEVICE_FAMILY = "1,2";
			};
			name = Release;
		};
/* End XCBuildConfiguration section */

/* Begin XCConfigurationList section */
		7555FF76242A565900829871 /* Build configuration list for PBXProject "iosApp" */ = {
			isa = XCConfigurationList;
			buildConfigurations = (
				7555FFA3242A565B00829871 /* Debug */,
				7555FFA4242A565B00829871 /* Release */,
			);
			defaultConfigurationIsVisible = 0;
			defaultConfigurationName = Release;
		};
		7555FFA5242A565B00829871 /* Build configuration list for PBXNativeTarget "iosApp" */ = {
			isa = XCConfigurationList;
			buildConfigurations = (
				7555FFA6242A565B00829871 /* Debug */,
				7555FFA7242A565B00829871 /* Release */,
			);
			defaultConfigurationIsVisible = 0;
			defaultConfigurationName = Release;
		};
/* End XCConfigurationList section */
	};
	rootObject = 7555FF73242A565900829871 /* Project object */;
}
